// !$*UTF8*$!
{
	archiveVersion = 1;
	classes = {
	};
	objectVersion = 77;
	objects = {

/* Begin PBXBuildFile section */
		04C280322EF28F7D006E43C6 /* CameraManager.swift in Sources */ = {isa = PBXBuildFile; fileRef = 04C280312EF28F78006E43C6 /* CameraManager.swift */; };
		04C280342EF28F89006E43C6 /* CameraPreviewView.swift in Sources */ = {isa = PBXBuildFile; fileRef = 04C280332EF28F83006E43C6 /* CameraPreviewView.swift */; };
		04C2803D2EF2946B006E43C6 /* FilmPresets_Complete.swift in Sources */ = {isa = PBXBuildFile; fileRef = 04C2803C2EF29457006E43C6 /* FilmPresets_Complete.swift */; };
		04C2803F2EF2948C006E43C6 /* LUTLoader.swift in Sources */ = {isa = PBXBuildFile; fileRef = 04C2802C2EF28F08006E43C6 /* LUTLoader.swift */; };
		04C280402EF29490006E43C6 /* TexturePool.swift in Sources */ = {isa = PBXBuildFile; fileRef = 04C2802B2EF28EFB006E43C6 /* TexturePool.swift */; };
		04C280412EF29494006E43C6 /* FilterPipeline.swift in Sources */ = {isa = PBXBuildFile; fileRef = 04C2802A2EF28EF2006E43C6 /* FilterPipeline.swift */; };
		04C280422EF29498006E43C6 /* RenderEngine.swift in Sources */ = {isa = PBXBuildFile; fileRef = 04C280292EF28EE5006E43C6 /* RenderEngine.swift */; };
		04C2804C2EF294BB006E43C6 /* FilmCameraApp.swift in Sources */ = {isa = PBXBuildFile; fileRef = 04C2801C2EF28DF5006E43C6 /* FilmCameraApp.swift */; };
		04C2808B2EF2A97F006E43C6 /* Shader.metal in Sources */ = {isa = PBXBuildFile; fileRef = 04C2808A2EF2A971006E43C6 /* Shader.metal */; };
		04C280932EF2AFB6006E43C6 /* Models.swift in Sources */ = {isa = PBXBuildFile; fileRef = 04C280922EF2AFB4006E43C6 /* Models.swift */; };
/* End PBXBuildFile section */

/* Begin PBXFileReference section */
		04C2800D2EF28DAA006E43C6 /* Film camera.app */ = {isa = PBXFileReference; explicitFileType = wrapper.application; includeInIndex = 0; path = "Film camera.app"; sourceTree = BUILT_PRODUCTS_DIR; };
		04C2801C2EF28DF5006E43C6 /* FilmCameraApp.swift */ = {isa = PBXFileReference; lastKnownFileType = sourcecode.swift; path = FilmCameraApp.swift; sourceTree = "<group>"; };
		04C280292EF28EE5006E43C6 /* RenderEngine.swift */ = {isa = PBXFileReference; lastKnownFileType = sourcecode.swift; path = RenderEngine.swift; sourceTree = "<group>"; };
		04C2802A2EF28EF2006E43C6 /* FilterPipeline.swift */ = {isa = PBXFileReference; lastKnownFileType = sourcecode.swift; path = FilterPipeline.swift; sourceTree = "<group>"; };
		04C2802B2EF28EFB006E43C6 /* TexturePool.swift */ = {isa = PBXFileReference; lastKnownFileType = sourcecode.swift; path = TexturePool.swift; sourceTree = "<group>"; };
		04C2802C2EF28F08006E43C6 /* LUTLoader.swift */ = {isa = PBXFileReference; lastKnownFileType = sourcecode.swift; path = LUTLoader.swift; sourceTree = "<group>"; };
		04C280312EF28F78006E43C6 /* CameraManager.swift */ = {isa = PBXFileReference; lastKnownFileType = sourcecode.swift; path = CameraManager.swift; sourceTree = "<group>"; };
		04C280332EF28F83006E43C6 /* CameraPreviewView.swift */ = {isa = PBXFileReference; lastKnownFileType = sourcecode.swift; path = CameraPreviewView.swift; sourceTree = "<group>"; };
		04C2803C2EF29457006E43C6 /* FilmPresets_Complete.swift */ = {isa = PBXFileReference; lastKnownFileType = sourcecode.swift; path = FilmPresets_Complete.swift; sourceTree = "<group>"; };
		04C2806F2EF2A50D006E43C6 /* ShaderTypes.h */ = {isa = PBXFileReference; lastKnownFileType = sourcecode.c.h; path = ShaderTypes.h; sourceTree = "<group>"; };
		04C2808A2EF2A971006E43C6 /* Shader.metal */ = {isa = PBXFileReference; lastKnownFileType = sourcecode.metal; path = Shader.metal; sourceTree = "<group>"; };
		04C280922EF2AFB4006E43C6 /* Models.swift */ = {isa = PBXFileReference; lastKnownFileType = sourcecode.swift; path = Models.swift; sourceTree = "<group>"; };
/* End PBXFileReference section */

/* Begin PBXFileSystemSynchronizedBuildFileExceptionSet section */
		04C280952EF2BB01006E43C6 /* Exceptions for "Film camera" folder in "Film camera" target */ = {
			isa = PBXFileSystemSynchronizedBuildFileExceptionSet;
			membershipExceptions = (
				"Film-camera-Info.plist",
			);
			target = 04C2800C2EF28DAA006E43C6 /* Film camera */;
		};
/* End PBXFileSystemSynchronizedBuildFileExceptionSet section */

/* Begin PBXFileSystemSynchronizedRootGroup section */
		04C2800F2EF28DAA006E43C6 /* Film camera */ = {
			isa = PBXFileSystemSynchronizedRootGroup;
			exceptions = (
				04C280952EF2BB01006E43C6 /* Exceptions for "Film camera" folder in "Film camera" target */,
			);
			path = "Film camera";
			sourceTree = "<group>";
		};
		04C2803B2EF28FE8006E43C6 /* LUTs */ = {
			isa = PBXFileSystemSynchronizedRootGroup;
			path = LUTs;
			sourceTree = "<group>";
		};
/* End PBXFileSystemSynchronizedRootGroup section */

/* Begin PBXFrameworksBuildPhase section */
		04C2800A2EF28DAA006E43C6 /* Frameworks */ = {
			isa = PBXFrameworksBuildPhase;
			buildActionMask = 2147483647;
			files = (
			);
			runOnlyForDeploymentPostprocessing = 0;
		};
/* End PBXFrameworksBuildPhase section */

/* Begin PBXGroup section */
		04C280042EF28DAA006E43C6 = {
			isa = PBXGroup;
			children = (
				04C280922EF2AFB4006E43C6 /* Models.swift */,
				04C280392EF28FD3006E43C6 /* Resources */,
				04C280362EF28F9F006E43C6 /* Camera */,
				04C280352EF28F90006E43C6 /* Presets */,
				04C2802D2EF28F22006E43C6 /* Shaders */,
				04C280282EF28EDC006E43C6 /* Engine */,
				04C2801B2EF28DEA006E43C6 /* App */,
				04C2800F2EF28DAA006E43C6 /* Film camera */,
				04C2800E2EF28DAA006E43C6 /* Products */,
			);
			sourceTree = "<group>";
		};
		04C2800E2EF28DAA006E43C6 /* Products */ = {
			isa = PBXGroup;
			children = (
				04C2800D2EF28DAA006E43C6 /* Film camera.app */,
			);
			name = Products;
			sourceTree = "<group>";
		};
		04C2801B2EF28DEA006E43C6 /* App */ = {
			isa = PBXGroup;
			children = (
				04C2801C2EF28DF5006E43C6 /* FilmCameraApp.swift */,
			);
			path = App;
			sourceTree = "<group>";
		};
		04C280282EF28EDC006E43C6 /* Engine */ = {
			isa = PBXGroup;
			children = (
				04C2802C2EF28F08006E43C6 /* LUTLoader.swift */,
				04C2802B2EF28EFB006E43C6 /* TexturePool.swift */,
				04C2802A2EF28EF2006E43C6 /* FilterPipeline.swift */,
				04C280292EF28EE5006E43C6 /* RenderEngine.swift */,
			);
			path = Engine;
			sourceTree = "<group>";
		};
		04C2802D2EF28F22006E43C6 /* Shaders */ = {
			isa = PBXGroup;
			children = (
				04C2808A2EF2A971006E43C6 /* Shader.metal */,
				04C2806F2EF2A50D006E43C6 /* ShaderTypes.h */,
			);
			path = Shaders;
			sourceTree = "<group>";
		};
		04C280352EF28F90006E43C6 /* Presets */ = {
			isa = PBXGroup;
			children = (
				04C2803C2EF29457006E43C6 /* FilmPresets_Complete.swift */,
			);
			path = Presets;
			sourceTree = "<group>";
		};
		04C280362EF28F9F006E43C6 /* Camera */ = {
			isa = PBXGroup;
			children = (
				04C280312EF28F78006E43C6 /* CameraManager.swift */,
				04C280332EF28F83006E43C6 /* CameraPreviewView.swift */,
			);
			path = Camera;
			sourceTree = "<group>";
		};
		04C280392EF28FD3006E43C6 /* Resources */ = {
			isa = PBXGroup;
			children = (
				04C2803B2EF28FE8006E43C6 /* LUTs */,
			);
			path = Resources;
			sourceTree = "<group>";
		};
/* End PBXGroup section */

/* Begin PBXNativeTarget section */
		04C2800C2EF28DAA006E43C6 /* Film camera */ = {
			isa = PBXNativeTarget;
			buildConfigurationList = 04C280182EF28DAB006E43C6 /* Build configuration list for PBXNativeTarget "Film camera" */;
			buildPhases = (
				04C280092EF28DAA006E43C6 /* Sources */,
				04C2800A2EF28DAA006E43C6 /* Frameworks */,
				04C2800B2EF28DAA006E43C6 /* Resources */,
			);
			buildRules = (
			);
			dependencies = (
			);
			fileSystemSynchronizedGroups = (
				04C2800F2EF28DAA006E43C6 /* Film camera */,
			);
			name = "Film camera";
			packageProductDependencies = (
			);
			productName = "Film camera";
			productReference = 04C2800D2EF28DAA006E43C6 /* Film camera.app */;
			productType = "com.apple.product-type.application";
		};
/* End PBXNativeTarget section */

/* Begin PBXProject section */
		04C280052EF28DAA006E43C6 /* Project object */ = {
			isa = PBXProject;
			attributes = {
				BuildIndependentTargetsInParallel = 1;
				LastSwiftUpdateCheck = 2620;
				LastUpgradeCheck = 2620;
				TargetAttributes = {
					04C2800C2EF28DAA006E43C6 = {
						CreatedOnToolsVersion = 26.2;
					};
				};
			};
			buildConfigurationList = 04C280082EF28DAA006E43C6 /* Build configuration list for PBXProject "Film camera" */;
			developmentRegion = en;
			hasScannedForEncodings = 0;
			knownRegions = (
				en,
				Base,
			);
			mainGroup = 04C280042EF28DAA006E43C6;
			minimizedProjectReferenceProxies = 1;
			preferredProjectObjectVersion = 77;
			productRefGroup = 04C2800E2EF28DAA006E43C6 /* Products */;
			projectDirPath = "";
			projectRoot = "";
			targets = (
				04C2800C2EF28DAA006E43C6 /* Film camera */,
			);
		};
/* End PBXProject section */

/* Begin PBXResourcesBuildPhase section */
		04C2800B2EF28DAA006E43C6 /* Resources */ = {
			isa = PBXResourcesBuildPhase;
			buildActionMask = 2147483647;
			files = (
			);
			runOnlyForDeploymentPostprocessing = 0;
		};
/* End PBXResourcesBuildPhase section */

/* Begin PBXSourcesBuildPhase section */
		04C280092EF28DAA006E43C6 /* Sources */ = {
			isa = PBXSourcesBuildPhase;
			buildActionMask = 2147483647;
			files = (
				04C280412EF29494006E43C6 /* FilterPipeline.swift in Sources */,
				04C2804C2EF294BB006E43C6 /* FilmCameraApp.swift in Sources */,
				04C280342EF28F89006E43C6 /* CameraPreviewView.swift in Sources */,
				04C280932EF2AFB6006E43C6 /* Models.swift in Sources */,
				04C2803F2EF2948C006E43C6 /* LUTLoader.swift in Sources */,
				04C280422EF29498006E43C6 /* RenderEngine.swift in Sources */,
				04C280322EF28F7D006E43C6 /* CameraManager.swift in Sources */,
				04C2808B2EF2A97F006E43C6 /* Shader.metal in Sources */,
				04C2803D2EF2946B006E43C6 /* FilmPresets_Complete.swift in Sources */,
				04C280402EF29490006E43C6 /* TexturePool.swift in Sources */,
			);
			runOnlyForDeploymentPostprocessing = 0;
		};
/* End PBXSourcesBuildPhase section */

/* Begin XCBuildConfiguration section */
		04C280162EF28DAB006E43C6 /* Debug */ = {
			isa = XCBuildConfiguration;
			buildSettings = {
				ALWAYS_SEARCH_USER_PATHS = NO;
				ASSETCATALOG_COMPILER_GENERATE_SWIFT_ASSET_SYMBOL_EXTENSIONS = YES;
				CLANG_ANALYZER_NONNULL = YES;
				CLANG_ANALYZER_NUMBER_OBJECT_CONVERSION = YES_AGGRESSIVE;
				CLANG_CXX_LANGUAGE_STANDARD = "gnu++20";
				CLANG_ENABLE_MODULES = YES;
				CLANG_ENABLE_OBJC_ARC = YES;
				CLANG_ENABLE_OBJC_WEAK = YES;
				CLANG_WARN_BLOCK_CAPTURE_AUTORELEASING = YES;
				CLANG_WARN_BOOL_CONVERSION = YES;
				CLANG_WARN_COMMA = YES;
				CLANG_WARN_CONSTANT_CONVERSION = YES;
				CLANG_WARN_DEPRECATED_OBJC_IMPLEMENTATIONS = YES;
				CLANG_WARN_DIRECT_OBJC_ISA_USAGE = YES_ERROR;
				CLANG_WARN_DOCUMENTATION_COMMENTS = YES;
				CLANG_WARN_EMPTY_BODY = YES;
				CLANG_WARN_ENUM_CONVERSION = YES;
				CLANG_WARN_INFINITE_RECURSION = YES;
				CLANG_WARN_INT_CONVERSION = YES;
				CLANG_WARN_NON_LITERAL_NULL_CONVERSION = YES;
				CLANG_WARN_OBJC_IMPLICIT_RETAIN_SELF = YES;
				CLANG_WARN_OBJC_LITERAL_CONVERSION = YES;
				CLANG_WARN_OBJC_ROOT_CLASS = YES_ERROR;
				CLANG_WARN_QUOTED_INCLUDE_IN_FRAMEWORK_HEADER = YES;
				CLANG_WARN_RANGE_LOOP_ANALYSIS = YES;
				CLANG_WARN_STRICT_PROTOTYPES = YES;
				CLANG_WARN_SUSPICIOUS_MOVE = YES;
				CLANG_WARN_UNGUARDED_AVAILABILITY = YES_AGGRESSIVE;
				CLANG_WARN_UNREACHABLE_CODE = YES;
				CLANG_WARN__DUPLICATE_METHOD_MATCH = YES;
				COPY_PHASE_STRIP = NO;
				DEBUG_INFORMATION_FORMAT = dwarf;
				DEVELOPMENT_TEAM = 4VYPQW2AT7;
				ENABLE_STRICT_OBJC_MSGSEND = YES;
				ENABLE_TESTABILITY = YES;
				ENABLE_USER_SCRIPT_SANDBOXING = YES;
				GCC_C_LANGUAGE_STANDARD = gnu17;
				GCC_DYNAMIC_NO_PIC = NO;
				GCC_NO_COMMON_BLOCKS = YES;
				GCC_OPTIMIZATION_LEVEL = 0;
				GCC_PREPROCESSOR_DEFINITIONS = (
					"DEBUG=1",
					"$(inherited)",
				);
				GCC_WARN_64_TO_32_BIT_CONVERSION = YES;
				GCC_WARN_ABOUT_RETURN_TYPE = YES_ERROR;
				GCC_WARN_UNDECLARED_SELECTOR = YES;
				GCC_WARN_UNINITIALIZED_AUTOS = YES_AGGRESSIVE;
				GCC_WARN_UNUSED_FUNCTION = YES;
				GCC_WARN_UNUSED_VARIABLE = YES;
				LOCALIZATION_PREFERS_STRING_CATALOGS = YES;
				MTL_ENABLE_DEBUG_INFO = INCLUDE_SOURCE;
				MTL_FAST_MATH = YES;
				ONLY_ACTIVE_ARCH = YES;
				SWIFT_ACTIVE_COMPILATION_CONDITIONS = "DEBUG $(inherited)";
				SWIFT_OPTIMIZATION_LEVEL = "-Onone";
			};
			name = Debug;
		};
		04C280172EF28DAB006E43C6 /* Release */ = {
			isa = XCBuildConfiguration;
			buildSettings = {
				ALWAYS_SEARCH_USER_PATHS = NO;
				ASSETCATALOG_COMPILER_GENERATE_SWIFT_ASSET_SYMBOL_EXTENSIONS = YES;
				CLANG_ANALYZER_NONNULL = YES;
				CLANG_ANALYZER_NUMBER_OBJECT_CONVERSION = YES_AGGRESSIVE;
				CLANG_CXX_LANGUAGE_STANDARD = "gnu++20";
				CLANG_ENABLE_MODULES = YES;
				CLANG_ENABLE_OBJC_ARC = YES;
				CLANG_ENABLE_OBJC_WEAK = YES;
				CLANG_WARN_BLOCK_CAPTURE_AUTORELEASING = YES;
				CLANG_WARN_BOOL_CONVERSION = YES;
				CLANG_WARN_COMMA = YES;
				CLANG_WARN_CONSTANT_CONVERSION = YES;
				CLANG_WARN_DEPRECATED_OBJC_IMPLEMENTATIONS = YES;
				CLANG_WARN_DIRECT_OBJC_ISA_USAGE = YES_ERROR;
				CLANG_WARN_DOCUMENTATION_COMMENTS = YES;
				CLANG_WARN_EMPTY_BODY = YES;
				CLANG_WARN_ENUM_CONVERSION = YES;
				CLANG_WARN_INFINITE_RECURSION = YES;
				CLANG_WARN_INT_CONVERSION = YES;
				CLANG_WARN_NON_LITERAL_NULL_CONVERSION = YES;
				CLANG_WARN_OBJC_IMPLICIT_RETAIN_SELF = YES;
				CLANG_WARN_OBJC_LITERAL_CONVERSION = YES;
				CLANG_WARN_OBJC_ROOT_CLASS = YES_ERROR;
				CLANG_WARN_QUOTED_INCLUDE_IN_FRAMEWORK_HEADER = YES;
				CLANG_WARN_RANGE_LOOP_ANALYSIS = YES;
				CLANG_WARN_STRICT_PROTOTYPES = YES;
				CLANG_WARN_SUSPICIOUS_MOVE = YES;
				CLANG_WARN_UNGUARDED_AVAILABILITY = YES_AGGRESSIVE;
				CLANG_WARN_UNREACHABLE_CODE = YES;
				CLANG_WARN__DUPLICATE_METHOD_MATCH = YES;
				COPY_PHASE_STRIP = NO;
				DEBUG_INFORMATION_FORMAT = "dwarf-with-dsym";
				DEVELOPMENT_TEAM = 4VYPQW2AT7;
				ENABLE_NS_ASSERTIONS = NO;
				ENABLE_STRICT_OBJC_MSGSEND = YES;
				ENABLE_USER_SCRIPT_SANDBOXING = YES;
				GCC_C_LANGUAGE_STANDARD = gnu17;
				GCC_NO_COMMON_BLOCKS = YES;
				GCC_WARN_64_TO_32_BIT_CONVERSION = YES;
				GCC_WARN_ABOUT_RETURN_TYPE = YES_ERROR;
				GCC_WARN_UNDECLARED_SELECTOR = YES;
				GCC_WARN_UNINITIALIZED_AUTOS = YES_AGGRESSIVE;
				GCC_WARN_UNUSED_FUNCTION = YES;
				GCC_WARN_UNUSED_VARIABLE = YES;
				LOCALIZATION_PREFERS_STRING_CATALOGS = YES;
				MTL_ENABLE_DEBUG_INFO = NO;
				MTL_FAST_MATH = YES;
				SWIFT_COMPILATION_MODE = wholemodule;
			};
			name = Release;
		};
		04C280192EF28DAB006E43C6 /* Debug */ = {
			isa = XCBuildConfiguration;
			buildSettings = {
				ASSETCATALOG_COMPILER_APPICON_NAME = AppIcon;
				ASSETCATALOG_COMPILER_GLOBAL_ACCENT_COLOR_NAME = AccentColor;
				CODE_SIGN_STYLE = Automatic;
				CURRENT_PROJECT_VERSION = 1;
				DEVELOPMENT_TEAM = 4VYPQW2AT7;
				ENABLE_APP_SANDBOX = YES;
				ENABLE_HARDENED_RUNTIME = YES;
				ENABLE_PREVIEWS = YES;
				ENABLE_USER_SELECTED_FILES = readonly;
				GENERATE_INFOPLIST_FILE = YES;
				"HEADER_SEARCH_PATHS[arch=*]" = (
					"$(SRCROOT)/Film",
					camera/Shaders,
				);
				INFOPLIST_FILE = "Film-camera-Info.plist";
				INFOPLIST_KEY_NSCameraUsageDescription = "App cần truy cập camera để chụp ảnh màu film.";
				"INFOPLIST_KEY_UIApplicationSceneManifest_Generation[sdk=iphoneos*]" = YES;
				"INFOPLIST_KEY_UIApplicationSceneManifest_Generation[sdk=iphonesimulator*]" = YES;
				"INFOPLIST_KEY_UIApplicationSupportsIndirectInputEvents[sdk=iphoneos*]" = YES;
				"INFOPLIST_KEY_UIApplicationSupportsIndirectInputEvents[sdk=iphonesimulator*]" = YES;
				"INFOPLIST_KEY_UILaunchScreen_Generation[sdk=iphoneos*]" = YES;
				"INFOPLIST_KEY_UILaunchScreen_Generation[sdk=iphonesimulator*]" = YES;
				"INFOPLIST_KEY_UIStatusBarStyle[sdk=iphoneos*]" = UIStatusBarStyleDefault;
				"INFOPLIST_KEY_UIStatusBarStyle[sdk=iphonesimulator*]" = UIStatusBarStyleDefault;
				INFOPLIST_KEY_UISupportedInterfaceOrientations_iPad = "UIInterfaceOrientationPortrait UIInterfaceOrientationPortraitUpsideDown UIInterfaceOrientationLandscapeLeft UIInterfaceOrientationLandscapeRight";
				INFOPLIST_KEY_UISupportedInterfaceOrientations_iPhone = "UIInterfaceOrientationPortrait UIInterfaceOrientationLandscapeLeft UIInterfaceOrientationLandscapeRight";
				IPHONEOS_DEPLOYMENT_TARGET = 26.1;
				LD_RUNPATH_SEARCH_PATHS = "@executable_path/Frameworks";
				"LD_RUNPATH_SEARCH_PATHS[sdk=macosx*]" = "@executable_path/../Frameworks";
				MACOSX_DEPLOYMENT_TARGET = 15.7;
				MARKETING_VERSION = 1.0;
				PRODUCT_BUNDLE_IDENTIFIER = "charlesvo.com.Film-camera";
				PRODUCT_NAME = "$(TARGET_NAME)";
				REGISTER_APP_GROUPS = YES;
				SDKROOT = auto;
				STRING_CATALOG_GENERATE_SYMBOLS = YES;
				SUPPORTED_PLATFORMS = "iphoneos iphonesimulator";
				SUPPORTS_MACCATALYST = NO;
				SWIFT_APPROACHABLE_CONCURRENCY = YES;
				SWIFT_DEFAULT_ACTOR_ISOLATION = MainActor;
				SWIFT_EMIT_LOC_STRINGS = YES;
				SWIFT_UPCOMING_FEATURE_MEMBER_IMPORT_VISIBILITY = YES;
				SWIFT_VERSION = 5.0;
				TARGETED_DEVICE_FAMILY = "1,2";
				"USER_HEADER_SEARCH_PATHS[arch=*]" = (
					"$(SRCROOT)/Film",
					camera/Shaders,
				);
				XROS_DEPLOYMENT_TARGET = 26.2;
			};
			name = Debug;
		};
		04C2801A2EF28DAB006E43C6 /* Release */ = {
			isa = XCBuildConfiguration;
			buildSettings = {
				ASSETCATALOG_COMPILER_APPICON_NAME = AppIcon;
				ASSETCATALOG_COMPILER_GLOBAL_ACCENT_COLOR_NAME = AccentColor;
				CODE_SIGN_STYLE = Automatic;
				CURRENT_PROJECT_VERSION = 1;
				DEVELOPMENT_TEAM = 4VYPQW2AT7;
				ENABLE_APP_SANDBOX = YES;
				ENABLE_HARDENED_RUNTIME = YES;
				ENABLE_PREVIEWS = YES;
				ENABLE_USER_SELECTED_FILES = readonly;
				GENERATE_INFOPLIST_FILE = YES;
				"HEADER_SEARCH_PATHS[arch=*]" = (
					"$(SRCROOT)/Film",
					camera/Shaders,
				);
				INFOPLIST_FILE = "Film-camera-Info.plist";
				INFOPLIST_KEY_NSCameraUsageDescription = "App cần truy cập camera để chụp ảnh màu film.";
				"INFOPLIST_KEY_UIApplicationSceneManifest_Generation[sdk=iphoneos*]" = YES;
				"INFOPLIST_KEY_UIApplicationSceneManifest_Generation[sdk=iphonesimulator*]" = YES;
				"INFOPLIST_KEY_UIApplicationSupportsIndirectInputEvents[sdk=iphoneos*]" = YES;
				"INFOPLIST_KEY_UIApplicationSupportsIndirectInputEvents[sdk=iphonesimulator*]" = YES;
				"INFOPLIST_KEY_UILaunchScreen_Generation[sdk=iphoneos*]" = YES;
				"INFOPLIST_KEY_UILaunchScreen_Generation[sdk=iphonesimulator*]" = YES;
				"INFOPLIST_KEY_UIStatusBarStyle[sdk=iphoneos*]" = UIStatusBarStyleDefault;
				"INFOPLIST_KEY_UIStatusBarStyle[sdk=iphonesimulator*]" = UIStatusBarStyleDefault;
				INFOPLIST_KEY_UISupportedInterfaceOrientations_iPad = "UIInterfaceOrientationPortrait UIInterfaceOrientationPortraitUpsideDown UIInterfaceOrientationLandscapeLeft UIInterfaceOrientationLandscapeRight";
				INFOPLIST_KEY_UISupportedInterfaceOrientations_iPhone = "UIInterfaceOrientationPortrait UIInterfaceOrientationLandscapeLeft UIInterfaceOrientationLandscapeRight";
				IPHONEOS_DEPLOYMENT_TARGET = 26.1;
				LD_RUNPATH_SEARCH_PATHS = "@executable_path/Frameworks";
				"LD_RUNPATH_SEARCH_PATHS[sdk=macosx*]" = "@executable_path/../Frameworks";
				MACOSX_DEPLOYMENT_TARGET = 15.7;
				MARKETING_VERSION = 1.0;
				PRODUCT_BUNDLE_IDENTIFIER = "charlesvo.com.Film-camera";
				PRODUCT_NAME = "$(TARGET_NAME)";
				REGISTER_APP_GROUPS = YES;
				SDKROOT = auto;
				STRING_CATALOG_GENERATE_SYMBOLS = YES;
				SUPPORTED_PLATFORMS = "iphoneos iphonesimulator";
				SUPPORTS_MACCATALYST = NO;
				SWIFT_APPROACHABLE_CONCURRENCY = YES;
				SWIFT_DEFAULT_ACTOR_ISOLATION = MainActor;
				SWIFT_EMIT_LOC_STRINGS = YES;
				SWIFT_UPCOMING_FEATURE_MEMBER_IMPORT_VISIBILITY = YES;
				SWIFT_VERSION = 5.0;
				TARGETED_DEVICE_FAMILY = "1,2";
				"USER_HEADER_SEARCH_PATHS[arch=*]" = (
					"$(SRCROOT)/Film",
					camera/Shaders,
				);
				XROS_DEPLOYMENT_TARGET = 26.2;
			};
			name = Release;
		};
/* End XCBuildConfiguration section */

/* Begin XCConfigurationList section */
		04C280082EF28DAA006E43C6 /* Build configuration list for PBXProject "Film camera" */ = {
			isa = XCConfigurationList;
			buildConfigurations = (
				04C280162EF28DAB006E43C6 /* Debug */,
				04C280172EF28DAB006E43C6 /* Release */,
			);
			defaultConfigurationIsVisible = 0;
			defaultConfigurationName = Release;
		};
		04C280182EF28DAB006E43C6 /* Build configuration list for PBXNativeTarget "Film camera" */ = {
			isa = XCConfigurationList;
			buildConfigurations = (
				04C280192EF28DAB006E43C6 /* Debug */,
				04C2801A2EF28DAB006E43C6 /* Release */,
			);
			defaultConfigurationIsVisible = 0;
			defaultConfigurationName = Release;
		};
/* End XCConfigurationList section */
	};
	rootObject = 04C280052EF28DAA006E43C6 /* Project object */;
}
